// !$*UTF8*$!
{
	archiveVersion = 1;
	classes = {
	};
	objectVersion = 56;
	objects = {

/* Begin PBXBuildFile section */
		0E7A08B92CAAE6B40069546B /* AppDelegate.swift in Sources */ = {isa = PBXBuildFile; fileRef = 0E7A08B82CAAE6B40069546B /* AppDelegate.swift */; };
		0E7A08BB2CAAE6B40069546B /* SceneDelegate.swift in Sources */ = {isa = PBXBuildFile; fileRef = 0E7A08BA2CAAE6B40069546B /* SceneDelegate.swift */; };
		0E7A08BD2CAAE6B40069546B /* StartingViewController.swift in Sources */ = {isa = PBXBuildFile; fileRef = 0E7A08BC2CAAE6B40069546B /* StartingViewController.swift */; };
		0E7A08C02CAAE6B40069546B /* Base in Resources */ = {isa = PBXBuildFile; fileRef = 0E7A08BF2CAAE6B40069546B /* Base */; };
		0E7A08C22CAAE6B50069546B /* Assets.xcassets in Resources */ = {isa = PBXBuildFile; fileRef = 0E7A08C12CAAE6B50069546B /* Assets.xcassets */; };
		0E7A08C52CAAE6B50069546B /* Base in Resources */ = {isa = PBXBuildFile; fileRef = 0E7A08C42CAAE6B50069546B /* Base */; };
		0E7A08CE2CAAE6F00069546B /* Animal.swift in Sources */ = {isa = PBXBuildFile; fileRef = 0E7A08CD2CAAE6F00069546B /* Animal.swift */; };
		0E7A08D72CAB43AB0069546B /* MiddleViewController.swift in Sources */ = {isa = PBXBuildFile; fileRef = 0E7A08D62CAB43AB0069546B /* MiddleViewController.swift */; };
		0E7A08DB2CAC2A3C0069546B /* AnimalTableViewController.swift in Sources */ = {isa = PBXBuildFile; fileRef = 0E7A08DA2CAC2A3C0069546B /* AnimalTableViewController.swift */; };
		0E7A08DE2CAC2DE30069546B /* AnimalCell.swift in Sources */ = {isa = PBXBuildFile; fileRef = 0E7A08DD2CAC2DE30069546B /* AnimalCell.swift */; };
		0E9232DE2CAC75150064F2DC /* Zoo.swift in Sources */ = {isa = PBXBuildFile; fileRef = 0E9232DD2CAC75150064F2DC /* Zoo.swift */; };
		0E9232E42CADE6A80064F2DC /* ZooKeeperTableViewController.swift in Sources */ = {isa = PBXBuildFile; fileRef = 0E9232E32CADE6A80064F2DC /* ZooKeeperTableViewController.swift */; };
		0E9232E82CADE9D90064F2DC /* ZooKeeper.swift in Sources */ = {isa = PBXBuildFile; fileRef = 0E9232E72CADE9D90064F2DC /* ZooKeeper.swift */; };
		0E9232EA2CADE9FA0064F2DC /* ZooKeeperCell.swift in Sources */ = {isa = PBXBuildFile; fileRef = 0E9232E92CADE9FA0064F2DC /* ZooKeeperCell.swift */; };
		0E9232EC2CAE77130064F2DC /* ZooKeeperMiddleViewController.swift in Sources */ = {isa = PBXBuildFile; fileRef = 0E9232EB2CAE77130064F2DC /* ZooKeeperMiddleViewController.swift */; };
		0E9232F12CAEA43F0064F2DC /* ZooKeeperManager.swift in Sources */ = {isa = PBXBuildFile; fileRef = 0E9232F02CAEA43F0064F2DC /* ZooKeeperManager.swift */; };
		0E9232F32CAEB9460064F2DC /* AnimalManager.swift in Sources */ = {isa = PBXBuildFile; fileRef = 0E9232F22CAEB9460064F2DC /* AnimalManager.swift */; };
/* End PBXBuildFile section */

/* Begin PBXFileReference section */
		0E7A08B52CAAE6B40069546B /* ZooAdministration.app */ = {isa = PBXFileReference; explicitFileType = wrapper.application; includeInIndex = 0; path = ZooAdministration.app; sourceTree = BUILT_PRODUCTS_DIR; };
		0E7A08B82CAAE6B40069546B /* AppDelegate.swift */ = {isa = PBXFileReference; lastKnownFileType = sourcecode.swift; path = AppDelegate.swift; sourceTree = "<group>"; };
		0E7A08BA2CAAE6B40069546B /* SceneDelegate.swift */ = {isa = PBXFileReference; lastKnownFileType = sourcecode.swift; path = SceneDelegate.swift; sourceTree = "<group>"; };
		0E7A08BC2CAAE6B40069546B /* StartingViewController.swift */ = {isa = PBXFileReference; lastKnownFileType = sourcecode.swift; path = StartingViewController.swift; sourceTree = "<group>"; };
		0E7A08BF2CAAE6B40069546B /* Base */ = {isa = PBXFileReference; lastKnownFileType = file.storyboard; name = Base; path = Base.lproj/Main.storyboard; sourceTree = "<group>"; };
		0E7A08C12CAAE6B50069546B /* Assets.xcassets */ = {isa = PBXFileReference; lastKnownFileType = folder.assetcatalog; path = Assets.xcassets; sourceTree = "<group>"; };
		0E7A08C42CAAE6B50069546B /* Base */ = {isa = PBXFileReference; lastKnownFileType = file.storyboard; name = Base; path = Base.lproj/LaunchScreen.storyboard; sourceTree = "<group>"; };
		0E7A08C62CAAE6B50069546B /* Info.plist */ = {isa = PBXFileReference; lastKnownFileType = text.plist.xml; path = Info.plist; sourceTree = "<group>"; };
		0E7A08CD2CAAE6F00069546B /* Animal.swift */ = {isa = PBXFileReference; lastKnownFileType = sourcecode.swift; path = Animal.swift; sourceTree = "<group>"; };
		0E7A08D62CAB43AB0069546B /* MiddleViewController.swift */ = {isa = PBXFileReference; lastKnownFileType = sourcecode.swift; path = MiddleViewController.swift; sourceTree = "<group>"; };
		0E7A08DA2CAC2A3C0069546B /* AnimalTableViewController.swift */ = {isa = PBXFileReference; lastKnownFileType = sourcecode.swift; path = AnimalTableViewController.swift; sourceTree = "<group>"; };
		0E7A08DD2CAC2DE30069546B /* AnimalCell.swift */ = {isa = PBXFileReference; lastKnownFileType = sourcecode.swift; path = AnimalCell.swift; sourceTree = "<group>"; };
		0E9232DD2CAC75150064F2DC /* Zoo.swift */ = {isa = PBXFileReference; lastKnownFileType = sourcecode.swift; path = Zoo.swift; sourceTree = "<group>"; };
		0E9232E32CADE6A80064F2DC /* ZooKeeperTableViewController.swift */ = {isa = PBXFileReference; lastKnownFileType = sourcecode.swift; path = ZooKeeperTableViewController.swift; sourceTree = "<group>"; };
		0E9232E72CADE9D90064F2DC /* ZooKeeper.swift */ = {isa = PBXFileReference; lastKnownFileType = sourcecode.swift; path = ZooKeeper.swift; sourceTree = "<group>"; };
		0E9232E92CADE9FA0064F2DC /* ZooKeeperCell.swift */ = {isa = PBXFileReference; lastKnownFileType = sourcecode.swift; path = ZooKeeperCell.swift; sourceTree = "<group>"; };
		0E9232EB2CAE77130064F2DC /* ZooKeeperMiddleViewController.swift */ = {isa = PBXFileReference; lastKnownFileType = sourcecode.swift; path = ZooKeeperMiddleViewController.swift; sourceTree = "<group>"; };
		0E9232F02CAEA43F0064F2DC /* ZooKeeperManager.swift */ = {isa = PBXFileReference; lastKnownFileType = sourcecode.swift; path = ZooKeeperManager.swift; sourceTree = "<group>"; };
		0E9232F22CAEB9460064F2DC /* AnimalManager.swift */ = {isa = PBXFileReference; lastKnownFileType = sourcecode.swift; path = AnimalManager.swift; sourceTree = "<group>"; };
/* End PBXFileReference section */

/* Begin PBXFrameworksBuildPhase section */
		0E7A08B22CAAE6B40069546B /* Frameworks */ = {
			isa = PBXFrameworksBuildPhase;
			buildActionMask = 2147483647;
			files = (
			);
			runOnlyForDeploymentPostprocessing = 0;
		};
/* End PBXFrameworksBuildPhase section */

/* Begin PBXGroup section */
		0E7A08AC2CAAE6B40069546B = {
			isa = PBXGroup;
			children = (
				0E7A08B72CAAE6B40069546B /* ZooAdministration */,
				0E7A08B62CAAE6B40069546B /* Products */,
			);
			sourceTree = "<group>";
		};
		0E7A08B62CAAE6B40069546B /* Products */ = {
			isa = PBXGroup;
			children = (
				0E7A08B52CAAE6B40069546B /* ZooAdministration.app */,
			);
			name = Products;
			sourceTree = "<group>";
		};
		0E7A08B72CAAE6B40069546B /* ZooAdministration */ = {
			isa = PBXGroup;
			children = (
				0E9232EF2CAEA42F0064F2DC /* Manager */,
				0E7A08DC2CAC2DD20069546B /* View */,
				0E7A08D12CAAE7380069546B /* ViewController */,
				0E7A08CC2CAAE6D60069546B /* Model */,
				0E7A08B82CAAE6B40069546B /* AppDelegate.swift */,
				0E7A08BA2CAAE6B40069546B /* SceneDelegate.swift */,
				0E7A08BE2CAAE6B40069546B /* Main.storyboard */,
				0E7A08C12CAAE6B50069546B /* Assets.xcassets */,
				0E7A08C32CAAE6B50069546B /* LaunchScreen.storyboard */,
				0E7A08C62CAAE6B50069546B /* Info.plist */,
			);
			path = ZooAdministration;
			sourceTree = "<group>";
		};
		0E7A08CC2CAAE6D60069546B /* Model */ = {
			isa = PBXGroup;
			children = (
				0E7A08CD2CAAE6F00069546B /* Animal.swift */,
				0E9232DD2CAC75150064F2DC /* Zoo.swift */,
				0E9232E72CADE9D90064F2DC /* ZooKeeper.swift */,
			);
			path = Model;
			sourceTree = "<group>";
		};
		0E7A08D12CAAE7380069546B /* ViewController */ = {
			isa = PBXGroup;
			children = (
				0E7A08DA2CAC2A3C0069546B /* AnimalTableViewController.swift */,
				0E7A08D62CAB43AB0069546B /* MiddleViewController.swift */,
				0E7A08BC2CAAE6B40069546B /* StartingViewController.swift */,
				0E9232E32CADE6A80064F2DC /* ZooKeeperTableViewController.swift */,
				0E9232EB2CAE77130064F2DC /* ZooKeeperMiddleViewController.swift */,
			);
			path = ViewController;
			sourceTree = "<group>";
		};
		0E7A08DC2CAC2DD20069546B /* View */ = {
			isa = PBXGroup;
			children = (
				0E7A08DD2CAC2DE30069546B /* AnimalCell.swift */,
				0E9232E92CADE9FA0064F2DC /* ZooKeeperCell.swift */,
			);
			path = View;
			sourceTree = "<group>";
		};
		0E9232EF2CAEA42F0064F2DC /* Manager */ = {
			isa = PBXGroup;
			children = (
				0E9232F02CAEA43F0064F2DC /* ZooKeeperManager.swift */,
				0E9232F22CAEB9460064F2DC /* AnimalManager.swift */,
			);
			path = Manager;
			sourceTree = "<group>";
		};
/* End PBXGroup section */

/* Begin PBXNativeTarget section */
		0E7A08B42CAAE6B40069546B /* ZooAdministration */ = {
			isa = PBXNativeTarget;
			buildConfigurationList = 0E7A08C92CAAE6B50069546B /* Build configuration list for PBXNativeTarget "ZooAdministration" */;
			buildPhases = (
				0E7A08B12CAAE6B40069546B /* Sources */,
				0E7A08B22CAAE6B40069546B /* Frameworks */,
				0E7A08B32CAAE6B40069546B /* Resources */,
			);
			buildRules = (
			);
			dependencies = (
			);
			name = ZooAdministration;
			productName = ZooAdministration;
			productReference = 0E7A08B52CAAE6B40069546B /* ZooAdministration.app */;
			productType = "com.apple.product-type.application";
		};
/* End PBXNativeTarget section */

/* Begin PBXProject section */
		0E7A08AD2CAAE6B40069546B /* Project object */ = {
			isa = PBXProject;
			attributes = {
				BuildIndependentTargetsInParallel = 1;
				LastSwiftUpdateCheck = 1540;
				LastUpgradeCheck = 1540;
				TargetAttributes = {
					0E7A08B42CAAE6B40069546B = {
						CreatedOnToolsVersion = 15.4;
					};
				};
			};
			buildConfigurationList = 0E7A08B02CAAE6B40069546B /* Build configuration list for PBXProject "ZooAdministration" */;
			compatibilityVersion = "Xcode 14.0";
			developmentRegion = en;
			hasScannedForEncodings = 0;
			knownRegions = (
				en,
				Base,
			);
			mainGroup = 0E7A08AC2CAAE6B40069546B;
			productRefGroup = 0E7A08B62CAAE6B40069546B /* Products */;
			projectDirPath = "";
			projectRoot = "";
			targets = (
				0E7A08B42CAAE6B40069546B /* ZooAdministration */,
			);
		};
/* End PBXProject section */

/* Begin PBXResourcesBuildPhase section */
		0E7A08B32CAAE6B40069546B /* Resources */ = {
			isa = PBXResourcesBuildPhase;
			buildActionMask = 2147483647;
			files = (
				0E7A08C22CAAE6B50069546B /* Assets.xcassets in Resources */,
				0E7A08C52CAAE6B50069546B /* Base in Resources */,
				0E7A08C02CAAE6B40069546B /* Base in Resources */,
			);
			runOnlyForDeploymentPostprocessing = 0;
		};
/* End PBXResourcesBuildPhase section */

/* Begin PBXSourcesBuildPhase section */
		0E7A08B12CAAE6B40069546B /* Sources */ = {
			isa = PBXSourcesBuildPhase;
			buildActionMask = 2147483647;
			files = (
				0E7A08BD2CAAE6B40069546B /* StartingViewController.swift in Sources */,
				0E9232EA2CADE9FA0064F2DC /* ZooKeeperCell.swift in Sources */,
				0E9232E82CADE9D90064F2DC /* ZooKeeper.swift in Sources */,
				0E7A08DB2CAC2A3C0069546B /* AnimalTableViewController.swift in Sources */,
				0E7A08CE2CAAE6F00069546B /* Animal.swift in Sources */,
				0E9232F32CAEB9460064F2DC /* AnimalManager.swift in Sources */,
				0E7A08B92CAAE6B40069546B /* AppDelegate.swift in Sources */,
				0E9232F12CAEA43F0064F2DC /* ZooKeeperManager.swift in Sources */,
				0E9232E42CADE6A80064F2DC /* ZooKeeperTableViewController.swift in Sources */,
				0E9232DE2CAC75150064F2DC /* Zoo.swift in Sources */,
				0E9232EC2CAE77130064F2DC /* ZooKeeperMiddleViewController.swift in Sources */,
				0E7A08DE2CAC2DE30069546B /* AnimalCell.swift in Sources */,
				0E7A08D72CAB43AB0069546B /* MiddleViewController.swift in Sources */,
				0E7A08BB2CAAE6B40069546B /* SceneDelegate.swift in Sources */,
			);
			runOnlyForDeploymentPostprocessing = 0;
		};
/* End PBXSourcesBuildPhase section */

/* Begin PBXVariantGroup section */
		0E7A08BE2CAAE6B40069546B /* Main.storyboard */ = {
			isa = PBXVariantGroup;
			children = (
				0E7A08BF2CAAE6B40069546B /* Base */,
			);
			name = Main.storyboard;
			sourceTree = "<group>";
		};
		0E7A08C32CAAE6B50069546B /* LaunchScreen.storyboard */ = {
			isa = PBXVariantGroup;
			children = (
				0E7A08C42CAAE6B50069546B /* Base */,
			);
			name = LaunchScreen.storyboard;
			sourceTree = "<group>";
		};
/* End PBXVariantGroup section */

/* Begin XCBuildConfiguration section */
		0E7A08C72CAAE6B50069546B /* Debug */ = {
			isa = XCBuildConfiguration;
			buildSettings = {
				ALWAYS_SEARCH_USER_PATHS = NO;
				ASSETCATALOG_COMPILER_GENERATE_SWIFT_ASSET_SYMBOL_EXTENSIONS = YES;
				CLANG_ANALYZER_NONNULL = YES;
				CLANG_ANALYZER_NUMBER_OBJECT_CONVERSION = YES_AGGRESSIVE;
				CLANG_CXX_LANGUAGE_STANDARD = "gnu++20";
				CLANG_ENABLE_MODULES = YES;
				CLANG_ENABLE_OBJC_ARC = YES;
				CLANG_ENABLE_OBJC_WEAK = YES;
				CLANG_WARN_BLOCK_CAPTURE_AUTORELEASING = YES;
				CLANG_WARN_BOOL_CONVERSION = YES;
				CLANG_WARN_COMMA = YES;
				CLANG_WARN_CONSTANT_CONVERSION = YES;
				CLANG_WARN_DEPRECATED_OBJC_IMPLEMENTATIONS = YES;
				CLANG_WARN_DIRECT_OBJC_ISA_USAGE = YES_ERROR;
				CLANG_WARN_DOCUMENTATION_COMMENTS = YES;
				CLANG_WARN_EMPTY_BODY = YES;
				CLANG_WARN_ENUM_CONVERSION = YES;
				CLANG_WARN_INFINITE_RECURSION = YES;
				CLANG_WARN_INT_CONVERSION = YES;
				CLANG_WARN_NON_LITERAL_NULL_CONVERSION = YES;
				CLANG_WARN_OBJC_IMPLICIT_RETAIN_SELF = YES;
				CLANG_WARN_OBJC_LITERAL_CONVERSION = YES;
				CLANG_WARN_OBJC_ROOT_CLASS = YES_ERROR;
				CLANG_WARN_QUOTED_INCLUDE_IN_FRAMEWORK_HEADER = YES;
				CLANG_WARN_RANGE_LOOP_ANALYSIS = YES;
				CLANG_WARN_STRICT_PROTOTYPES = YES;
				CLANG_WARN_SUSPICIOUS_MOVE = YES;
				CLANG_WARN_UNGUARDED_AVAILABILITY = YES_AGGRESSIVE;
				CLANG_WARN_UNREACHABLE_CODE = YES;
				CLANG_WARN__DUPLICATE_METHOD_MATCH = YES;
				COPY_PHASE_STRIP = NO;
				DEBUG_INFORMATION_FORMAT = dwarf;
				ENABLE_STRICT_OBJC_MSGSEND = YES;
				ENABLE_TESTABILITY = YES;
				ENABLE_USER_SCRIPT_SANDBOXING = YES;
				GCC_C_LANGUAGE_STANDARD = gnu17;
				GCC_DYNAMIC_NO_PIC = NO;
				GCC_NO_COMMON_BLOCKS = YES;
				GCC_OPTIMIZATION_LEVEL = 0;
				GCC_PREPROCESSOR_DEFINITIONS = (
					"DEBUG=1",
					"$(inherited)",
				);
				GCC_WARN_64_TO_32_BIT_CONVERSION = YES;
				GCC_WARN_ABOUT_RETURN_TYPE = YES_ERROR;
				GCC_WARN_UNDECLARED_SELECTOR = YES;
				GCC_WARN_UNINITIALIZED_AUTOS = YES_AGGRESSIVE;
				GCC_WARN_UNUSED_FUNCTION = YES;
				GCC_WARN_UNUSED_VARIABLE = YES;
				IPHONEOS_DEPLOYMENT_TARGET = 17.5;
				LOCALIZATION_PREFERS_STRING_CATALOGS = YES;
				MTL_ENABLE_DEBUG_INFO = INCLUDE_SOURCE;
				MTL_FAST_MATH = YES;
				ONLY_ACTIVE_ARCH = YES;
				SDKROOT = iphoneos;
				SWIFT_ACTIVE_COMPILATION_CONDITIONS = "DEBUG $(inherited)";
				SWIFT_OPTIMIZATION_LEVEL = "-Onone";
			};
			name = Debug;
		};
		0E7A08C82CAAE6B50069546B /* Release */ = {
			isa = XCBuildConfiguration;
			buildSettings = {
				ALWAYS_SEARCH_USER_PATHS = NO;
				ASSETCATALOG_COMPILER_GENERATE_SWIFT_ASSET_SYMBOL_EXTENSIONS = YES;
				CLANG_ANALYZER_NONNULL = YES;
				CLANG_ANALYZER_NUMBER_OBJECT_CONVERSION = YES_AGGRESSIVE;
				CLANG_CXX_LANGUAGE_STANDARD = "gnu++20";
				CLANG_ENABLE_MODULES = YES;
				CLANG_ENABLE_OBJC_ARC = YES;
				CLANG_ENABLE_OBJC_WEAK = YES;
				CLANG_WARN_BLOCK_CAPTURE_AUTORELEASING = YES;
				CLANG_WARN_BOOL_CONVERSION = YES;
				CLANG_WARN_COMMA = YES;
				CLANG_WARN_CONSTANT_CONVERSION = YES;
				CLANG_WARN_DEPRECATED_OBJC_IMPLEMENTATIONS = YES;
				CLANG_WARN_DIRECT_OBJC_ISA_USAGE = YES_ERROR;
				CLANG_WARN_DOCUMENTATION_COMMENTS = YES;
				CLANG_WARN_EMPTY_BODY = YES;
				CLANG_WARN_ENUM_CONVERSION = YES;
				CLANG_WARN_INFINITE_RECURSION = YES;
				CLANG_WARN_INT_CONVERSION = YES;
				CLANG_WARN_NON_LITERAL_NULL_CONVERSION = YES;
				CLANG_WARN_OBJC_IMPLICIT_RETAIN_SELF = YES;
				CLANG_WARN_OBJC_LITERAL_CONVERSION = YES;
				CLANG_WARN_OBJC_ROOT_CLASS = YES_ERROR;
				CLANG_WARN_QUOTED_INCLUDE_IN_FRAMEWORK_HEADER = YES;
				CLANG_WARN_RANGE_LOOP_ANALYSIS = YES;
				CLANG_WARN_STRICT_PROTOTYPES = YES;
				CLANG_WARN_SUSPICIOUS_MOVE = YES;
				CLANG_WARN_UNGUARDED_AVAILABILITY = YES_AGGRESSIVE;
				CLANG_WARN_UNREACHABLE_CODE = YES;
				CLANG_WARN__DUPLICATE_METHOD_MATCH = YES;
				COPY_PHASE_STRIP = NO;
				DEBUG_INFORMATION_FORMAT = "dwarf-with-dsym";
				ENABLE_NS_ASSERTIONS = NO;
				ENABLE_STRICT_OBJC_MSGSEND = YES;
				ENABLE_USER_SCRIPT_SANDBOXING = YES;
				GCC_C_LANGUAGE_STANDARD = gnu17;
				GCC_NO_COMMON_BLOCKS = YES;
				GCC_WARN_64_TO_32_BIT_CONVERSION = YES;
				GCC_WARN_ABOUT_RETURN_TYPE = YES_ERROR;
				GCC_WARN_UNDECLARED_SELECTOR = YES;
				GCC_WARN_UNINITIALIZED_AUTOS = YES_AGGRESSIVE;
				GCC_WARN_UNUSED_FUNCTION = YES;
				GCC_WARN_UNUSED_VARIABLE = YES;
				IPHONEOS_DEPLOYMENT_TARGET = 17.5;
				LOCALIZATION_PREFERS_STRING_CATALOGS = YES;
				MTL_ENABLE_DEBUG_INFO = NO;
				MTL_FAST_MATH = YES;
				SDKROOT = iphoneos;
				SWIFT_COMPILATION_MODE = wholemodule;
				VALIDATE_PRODUCT = YES;
			};
			name = Release;
		};
		0E7A08CA2CAAE6B50069546B /* Debug */ = {
			isa = XCBuildConfiguration;
			buildSettings = {
				ASSETCATALOG_COMPILER_APPICON_NAME = AppIcon;
				ASSETCATALOG_COMPILER_GLOBAL_ACCENT_COLOR_NAME = AccentColor;
				CODE_SIGN_STYLE = Automatic;
				CURRENT_PROJECT_VERSION = 1;
				DEVELOPMENT_TEAM = RBVBWP674K;
				GENERATE_INFOPLIST_FILE = YES;
				INFOPLIST_FILE = ZooAdministration/Info.plist;
				INFOPLIST_KEY_UIApplicationSupportsIndirectInputEvents = YES;
				INFOPLIST_KEY_UILaunchStoryboardName = LaunchScreen;
				INFOPLIST_KEY_UIMainStoryboardFile = Main;
				INFOPLIST_KEY_UISupportedInterfaceOrientations_iPad = "UIInterfaceOrientationPortrait UIInterfaceOrientationPortraitUpsideDown UIInterfaceOrientationLandscapeLeft UIInterfaceOrientationLandscapeRight";
				INFOPLIST_KEY_UISupportedInterfaceOrientations_iPhone = "UIInterfaceOrientationPortrait UIInterfaceOrientationLandscapeLeft UIInterfaceOrientationLandscapeRight";
				LD_RUNPATH_SEARCH_PATHS = (
					"$(inherited)",
					"@executable_path/Frameworks",
				);
				MARKETING_VERSION = 1.0;
				PRODUCT_BUNDLE_IDENTIFIER = com.cansu.ZooAdministration;
				PRODUCT_NAME = "$(TARGET_NAME)";
				SWIFT_EMIT_LOC_STRINGS = YES;
				SWIFT_VERSION = 5.0;
				TARGETED_DEVICE_FAMILY = "1,2";
			};
			name = Debug;
		};
		0E7A08CB2CAAE6B50069546B /* Release */ = {
			isa = XCBuildConfiguration;
			buildSettings = {
				ASSETCATALOG_COMPILER_APPICON_NAME = AppIcon;
				ASSETCATALOG_COMPILER_GLOBAL_ACCENT_COLOR_NAME = AccentColor;
				CODE_SIGN_STYLE = Automatic;
				CURRENT_PROJECT_VERSION = 1;
				DEVELOPMENT_TEAM = RBVBWP674K;
				GENERATE_INFOPLIST_FILE = YES;
				INFOPLIST_FILE = ZooAdministration/Info.plist;
				INFOPLIST_KEY_UIApplicationSupportsIndirectInputEvents = YES;
				INFOPLIST_KEY_UILaunchStoryboardName = LaunchScreen;
				INFOPLIST_KEY_UIMainStoryboardFile = Main;
				INFOPLIST_KEY_UISupportedInterfaceOrientations_iPad = "UIInterfaceOrientationPortrait UIInterfaceOrientationPortraitUpsideDown UIInterfaceOrientationLandscapeLeft UIInterfaceOrientationLandscapeRight";
				INFOPLIST_KEY_UISupportedInterfaceOrientations_iPhone = "UIInterfaceOrientationPortrait UIInterfaceOrientationLandscapeLeft UIInterfaceOrientationLandscapeRight";
				LD_RUNPATH_SEARCH_PATHS = (
					"$(inherited)",
					"@executable_path/Frameworks",
				);
				MARKETING_VERSION = 1.0;
				PRODUCT_BUNDLE_IDENTIFIER = com.cansu.ZooAdministration;
				PRODUCT_NAME = "$(TARGET_NAME)";
				SWIFT_EMIT_LOC_STRINGS = YES;
				SWIFT_VERSION = 5.0;
				TARGETED_DEVICE_FAMILY = "1,2";
			};
			name = Release;
		};
/* End XCBuildConfiguration section */

/* Begin XCConfigurationList section */
		0E7A08B02CAAE6B40069546B /* Build configuration list for PBXProject "ZooAdministration" */ = {
			isa = XCConfigurationList;
			buildConfigurations = (
				0E7A08C72CAAE6B50069546B /* Debug */,
				0E7A08C82CAAE6B50069546B /* Release */,
			);
			defaultConfigurationIsVisible = 0;
			defaultConfigurationName = Release;
		};
		0E7A08C92CAAE6B50069546B /* Build configuration list for PBXNativeTarget "ZooAdministration" */ = {
			isa = XCConfigurationList;
			buildConfigurations = (
				0E7A08CA2CAAE6B50069546B /* Debug */,
				0E7A08CB2CAAE6B50069546B /* Release */,
			);
			defaultConfigurationIsVisible = 0;
			defaultConfigurationName = Release;
		};
/* End XCConfigurationList section */
	};
	rootObject = 0E7A08AD2CAAE6B40069546B /* Project object */;
}
